
Microsoft Visual Studio Solution File, Format Version 12.00
# Visual Studio Version 17
VisualStudioVersion = 17.0.32126.317
MinimumVisualStudioVersion = 10.0.40219.1
Project("{FAE04EC0-301F-11D3-BF4B-00C04F79EFBC}") = "Hafta2Odev3", "Hafta2Odev3\Hafta2Odev3.csproj", "{632D7B1F-A28A-490B-83CA-68EAB52491D4}"
EndProject
Global
	GlobalSection(SolutionConfigurationPlatforms) = preSolution
		Debug|Any CPU = Debug|Any CPU
		Release|Any CPU = Release|Any CPU
	EndGlobalSection
	GlobalSection(ProjectConfigurationPlatforms) = postSolution
		{632D7B1F-A28A-490B-83CA-68EAB52491D4}.Debug|Any CPU.ActiveCfg = Debug|Any CPU
		{632D7B1F-A28A-490B-83CA-68EAB52491D4}.Debug|Any CPU.Build.0 = Debug|Any CPU
		{632D7B1F-A28A-490B-83CA-68EAB52491D4}.Release|Any CPU.ActiveCfg = Release|Any CPU
		{632D7B1F-A28A-490B-83CA-68EAB52491D4}.Release|Any CPU.Build.0 = Release|Any CPU
	EndGlobalSection
	GlobalSection(SolutionProperties) = preSolution
		HideSolutionNode = FALSE
	EndGlobalSection
	GlobalSection(ExtensibilityGlobals) = postSolution
		SolutionGuid = {60A16646-EB63-479A-B1E2-7C80F8F2518B}
	EndGlobalSection
EndGlobal
